
Microsoft Visual Studio Solution File, Format Version 12.00
# Visual Studio Version 16
VisualStudioVersion = 16.0.30517.126
MinimumVisualStudioVersion = 10.0.40219.1
Project("{8BC9CEB8-8B4A-11D0-8D11-00A0C91BC942}") = "7-Multitarea", "7-Multitarea\7-Multitarea.vcxproj", "{A127A4C5-47B4-4475-ACEC-F7160ECCD3EF}"
EndProject
Global
	GlobalSection(SolutionConfigurationPlatforms) = preSolution
		Debug|x64 = Debug|x64
		Debug|x86 = Debug|x86
		Release|x64 = Release|x64
		Release|x86 = Release|x86
	EndGlobalSection
	GlobalSection(ProjectConfigurationPlatforms) = postSolution
		{A127A4C5-47B4-4475-ACEC-F7160ECCD3EF}.Debug|x64.ActiveCfg = Debug|x64
		{A127A4C5-47B4-4475-ACEC-F7160ECCD3EF}.Debug|x64.Build.0 = Debug|x64
		{A127A4C5-47B4-4475-ACEC-F7160ECCD3EF}.Debug|x86.ActiveCfg = Debug|Win32
		{A127A4C5-47B4-4475-ACEC-F7160ECCD3EF}.Debug|x86.Build.0 = Debug|Win32
		{A127A4C5-47B4-4475-ACEC-F7160ECCD3EF}.Release|x64.ActiveCfg = Release|x64
		{A127A4C5-47B4-4475-ACEC-F7160ECCD3EF}.Release|x64.Build.0 = Release|x64
		{A127A4C5-47B4-4475-ACEC-F7160ECCD3EF}.Release|x86.ActiveCfg = Release|Win32
		{A127A4C5-47B4-4475-ACEC-F7160ECCD3EF}.Release|x86.Build.0 = Release|Win32
	EndGlobalSection
	GlobalSection(SolutionProperties) = preSolution
		HideSolutionNode = FALSE
	EndGlobalSection
	GlobalSection(ExtensibilityGlobals) = postSolution
		SolutionGuid = {3DB20BC9-92EC-44F5-979B-191A4B62BA31}
	EndGlobalSection
EndGlobal
